
Microsoft Visual Studio Solution File, Format Version 12.00
# Visual Studio 2012
Project("{FAE04EC0-301F-11D3-BF4B-00C04F79EFBC}") = "DynDnsClient", "DynDnsClient\DynDnsClient.csproj", "{8FE0846D-6170-4C00-A894-DAEE4393D956}"
EndProject
Project("{FAE04EC0-301F-11D3-BF4B-00C04F79EFBC}") = "DynDnsClient.Service", "DynDnsClient.Service\DynDnsClient.Service.csproj", "{1AA9E8EE-8D9E-4411-9933-B1C100744D69}"
EndProject
Project("{2150E333-8FDC-42A3-9474-1A3956D46DE8}") = ".nuget", ".nuget", "{0F021F46-9725-4D8F-B363-DECC2C4A41A6}"
	ProjectSection(SolutionItems) = preProject
		.nuget\NuGet.Config = .nuget\NuGet.Config
		.nuget\NuGet.exe = .nuget\NuGet.exe
		.nuget\NuGet.targets = .nuget\NuGet.targets
	EndProjectSection
EndProject
Project("{FAE04EC0-301F-11D3-BF4B-00C04F79EFBC}") = "DynDnsClient.Console", "DynDnsClient.Console\DynDnsClient.Console.csproj", "{157B7D77-8B4E-4F14-A876-AE314B73CEBC}"
EndProject
Project("{2150E333-8FDC-42A3-9474-1A3956D46DE8}") = "Build", "Build", "{A7AE9E15-F811-486A-8619-2340E17F1D9C}"
	ProjectSection(SolutionItems) = preProject
		BuildSetup.bat = BuildSetup.bat
		DynDnsClient.proj = DynDnsClient.proj
	EndProjectSection
EndProject
Global
	GlobalSection(SolutionConfigurationPlatforms) = preSolution
		Debug|Any CPU = Debug|Any CPU
		Release|Any CPU = Release|Any CPU
	EndGlobalSection
	GlobalSection(ProjectConfigurationPlatforms) = postSolution
		{8FE0846D-6170-4C00-A894-DAEE4393D956}.Debug|Any CPU.ActiveCfg = Debug|Any CPU
		{8FE0846D-6170-4C00-A894-DAEE4393D956}.Debug|Any CPU.Build.0 = Debug|Any CPU
		{8FE0846D-6170-4C00-A894-DAEE4393D956}.Release|Any CPU.ActiveCfg = Release|Any CPU
		{8FE0846D-6170-4C00-A894-DAEE4393D956}.Release|Any CPU.Build.0 = Release|Any CPU
		{1AA9E8EE-8D9E-4411-9933-B1C100744D69}.Debug|Any CPU.ActiveCfg = Debug|Any CPU
		{1AA9E8EE-8D9E-4411-9933-B1C100744D69}.Debug|Any CPU.Build.0 = Debug|Any CPU
		{1AA9E8EE-8D9E-4411-9933-B1C100744D69}.Release|Any CPU.ActiveCfg = Release|Any CPU
		{1AA9E8EE-8D9E-4411-9933-B1C100744D69}.Release|Any CPU.Build.0 = Release|Any CPU
		{157B7D77-8B4E-4F14-A876-AE314B73CEBC}.Debug|Any CPU.ActiveCfg = Debug|Any CPU
		{157B7D77-8B4E-4F14-A876-AE314B73CEBC}.Debug|Any CPU.Build.0 = Debug|Any CPU
		{157B7D77-8B4E-4F14-A876-AE314B73CEBC}.Release|Any CPU.ActiveCfg = Release|Any CPU
		{157B7D77-8B4E-4F14-A876-AE314B73CEBC}.Release|Any CPU.Build.0 = Release|Any CPU
	EndGlobalSection
	GlobalSection(SolutionProperties) = preSolution
		HideSolutionNode = FALSE
	EndGlobalSection
EndGlobal
